
Microsoft Visual Studio Solution File, Format Version 12.00
# Visual Studio Version 17
VisualStudioVersion = 17.8.34408.163
MinimumVisualStudioVersion = 10.0.40219.1
Project("{FAE04EC0-301F-11D3-BF4B-00C04F79EFBC}") = "BroadcastSocialMedia", "BroadcastSocialMedia\BroadcastSocialMedia.csproj", "{B9352E1E-8408-451D-837A-4C8F9AB53B83}"
EndProject
Global
	GlobalSection(SolutionConfigurationPlatforms) = preSolution
		Debug|Any CPU = Debug|Any CPU
		Release|Any CPU = Release|Any CPU
	EndGlobalSection
	GlobalSection(ProjectConfigurationPlatforms) = postSolution
		{B9352E1E-8408-451D-837A-4C8F9AB53B83}.Debug|Any CPU.ActiveCfg = Debug|Any CPU
		{B9352E1E-8408-451D-837A-4C8F9AB53B83}.Debug|Any CPU.Build.0 = Debug|Any CPU
		{B9352E1E-8408-451D-837A-4C8F9AB53B83}.Release|Any CPU.ActiveCfg = Release|Any CPU
		{B9352E1E-8408-451D-837A-4C8F9AB53B83}.Release|Any CPU.Build.0 = Release|Any CPU
	EndGlobalSection
	GlobalSection(SolutionProperties) = preSolution
		HideSolutionNode = FALSE
	EndGlobalSection
	GlobalSection(ExtensibilityGlobals) = postSolution
		SolutionGuid = {4F2FE6DD-AB47-49CF-B126-CA91CCC4C557}
	EndGlobalSection
EndGlobal
